
Microsoft Visual Studio Solution File, Format Version 12.00
# Visual Studio Version 16
VisualStudioVersion = 16.0.32126.315
MinimumVisualStudioVersion = 10.0.40219.1
Project("{FAE04EC0-301F-11D3-BF4B-00C04F79EFBC}") = "Complex.Ton", "Complex.Ton\Complex.Ton.csproj", "{9989B540-4C00-4574-946D-735B6D181D0D}"
	ProjectSection(ProjectDependencies) = postProject
		{66A481DE-9364-4354-A870-34F63A63BA02} = {66A481DE-9364-4354-A870-34F63A63BA02}
	EndProjectSection
EndProject
Project("{FAE04EC0-301F-11D3-BF4B-00C04F79EFBC}") = "Complex.Wallets", "Complex.Wallets\Complex.Wallets.csproj", "{7933D5C2-7376-4F7E-92BD-2D04C90B7E34}"
EndProject
Project("{FAE04EC0-301F-11D3-BF4B-00C04F79EFBC}") = "Complex.TonLib", "Complex.TonLib\Complex.TonLib.csproj", "{5747C6BD-6A35-4642-A914-617C7D875527}"
EndProject
Project("{FAE04EC0-301F-11D3-BF4B-00C04F79EFBC}") = "Complex.Wallets.Shared", "Complex.Wallet.Shared\Complex.Wallets.Shared.csproj", "{03427464-E0E6-45CF-92F1-3B024F99E213}"
EndProject
Project("{FAE04EC0-301F-11D3-BF4B-00C04F79EFBC}") = "Top-Wallets", "Top-Wallets\Top-Wallets.csproj", "{D82255B7-5840-4EA6-82E8-2898B5C343D2}"
	ProjectSection(ProjectDependencies) = postProject
		{5747C6BD-6A35-4642-A914-617C7D875527} = {5747C6BD-6A35-4642-A914-617C7D875527}
	EndProjectSection
EndProject
Project("{8BC9CEB8-8B4A-11D0-8D11-00A0C91BC942}") = "tonlibSrc", "tonlib\tonlib.vcxitems", "{9954912C-24E7-46E7-AB88-85D7ED7DFACF}"
EndProject
Project("{8BC9CEB8-8B4A-11D0-8D11-00A0C91BC942}") = "tonlib", "tonlib_win\tonlib_win.vcxproj", "{66A481DE-9364-4354-A870-34F63A63BA02}"
EndProject
Global
	GlobalSection(SharedMSBuildProjectFiles) = preSolution
		tonlib\tonlib.vcxitems*{66a481de-9364-4354-a870-34f63a63ba02}*SharedItemsImports = 4
		tonlib\tonlib.vcxitems*{9954912c-24e7-46e7-ab88-85d7ed7dfacf}*SharedItemsImports = 9
	EndGlobalSection
	GlobalSection(SolutionConfigurationPlatforms) = preSolution
		Debug|Any CPU = Debug|Any CPU
		Debug|x64 = Debug|x64
		Debug|x86 = Debug|x86
		DebugDLL|Any CPU = DebugDLL|Any CPU
		DebugDLL|x64 = DebugDLL|x64
		DebugDLL|x86 = DebugDLL|x86
		Release|Any CPU = Release|Any CPU
		Release|x64 = Release|x64
		Release|x86 = Release|x86
		ReleaseDLL|Any CPU = ReleaseDLL|Any CPU
		ReleaseDLL|x64 = ReleaseDLL|x64
		ReleaseDLL|x86 = ReleaseDLL|x86
	EndGlobalSection
	GlobalSection(ProjectConfigurationPlatforms) = postSolution
		{9989B540-4C00-4574-946D-735B6D181D0D}.Debug|Any CPU.ActiveCfg = Debug|Any CPU
		{9989B540-4C00-4574-946D-735B6D181D0D}.Debug|Any CPU.Build.0 = Debug|Any CPU
		{9989B540-4C00-4574-946D-735B6D181D0D}.Debug|x64.ActiveCfg = Debug|Any CPU
		{9989B540-4C00-4574-946D-735B6D181D0D}.Debug|x64.Build.0 = Debug|Any CPU
		{9989B540-4C00-4574-946D-735B6D181D0D}.Debug|x86.ActiveCfg = Debug|Any CPU
		{9989B540-4C00-4574-946D-735B6D181D0D}.Debug|x86.Build.0 = Debug|Any CPU
		{9989B540-4C00-4574-946D-735B6D181D0D}.DebugDLL|Any CPU.ActiveCfg = Debug|Any CPU
		{9989B540-4C00-4574-946D-735B6D181D0D}.DebugDLL|Any CPU.Build.0 = Debug|Any CPU
		{9989B540-4C00-4574-946D-735B6D181D0D}.DebugDLL|x64.ActiveCfg = Debug|x64
		{9989B540-4C00-4574-946D-735B6D181D0D}.DebugDLL|x64.Build.0 = Debug|x64
		{9989B540-4C00-4574-946D-735B6D181D0D}.DebugDLL|x86.ActiveCfg = Debug|Any CPU
		{9989B540-4C00-4574-946D-735B6D181D0D}.DebugDLL|x86.Build.0 = Debug|Any CPU
		{9989B540-4C00-4574-946D-735B6D181D0D}.Release|Any CPU.ActiveCfg = Release|Any CPU
		{9989B540-4C00-4574-946D-735B6D181D0D}.Release|Any CPU.Build.0 = Release|Any CPU
		{9989B540-4C00-4574-946D-735B6D181D0D}.Release|x64.ActiveCfg = Release|Any CPU
		{9989B540-4C00-4574-946D-735B6D181D0D}.Release|x64.Build.0 = Release|Any CPU
		{9989B540-4C00-4574-946D-735B6D181D0D}.Release|x86.ActiveCfg = Release|Any CPU
		{9989B540-4C00-4574-946D-735B6D181D0D}.Release|x86.Build.0 = Release|Any CPU
		{9989B540-4C00-4574-946D-735B6D181D0D}.ReleaseDLL|Any CPU.ActiveCfg = Release|Any CPU
		{9989B540-4C00-4574-946D-735B6D181D0D}.ReleaseDLL|Any CPU.Build.0 = Release|Any CPU
		{9989B540-4C00-4574-946D-735B6D181D0D}.ReleaseDLL|x64.ActiveCfg = Release|x64
		{9989B540-4C00-4574-946D-735B6D181D0D}.ReleaseDLL|x64.Build.0 = Release|x64
		{9989B540-4C00-4574-946D-735B6D181D0D}.ReleaseDLL|x86.ActiveCfg = Release|Any CPU
		{9989B540-4C00-4574-946D-735B6D181D0D}.ReleaseDLL|x86.Build.0 = Release|Any CPU
		{7933D5C2-7376-4F7E-92BD-2D04C90B7E34}.Debug|Any CPU.ActiveCfg = Debug|Any CPU
		{7933D5C2-7376-4F7E-92BD-2D04C90B7E34}.Debug|Any CPU.Build.0 = Debug|Any CPU
		{7933D5C2-7376-4F7E-92BD-2D04C90B7E34}.Debug|x64.ActiveCfg = Debug|Any CPU
		{7933D5C2-7376-4F7E-92BD-2D04C90B7E34}.Debug|x64.Build.0 = Debug|Any CPU
		{7933D5C2-7376-4F7E-92BD-2D04C90B7E34}.Debug|x86.ActiveCfg = Debug|Any CPU
		{7933D5C2-7376-4F7E-92BD-2D04C90B7E34}.Debug|x86.Build.0 = Debug|Any CPU
		{7933D5C2-7376-4F7E-92BD-2D04C90B7E34}.DebugDLL|Any CPU.ActiveCfg = Debug|Any CPU
		{7933D5C2-7376-4F7E-92BD-2D04C90B7E34}.DebugDLL|Any CPU.Build.0 = Debug|Any CPU
		{7933D5C2-7376-4F7E-92BD-2D04C90B7E34}.DebugDLL|x64.ActiveCfg = Debug|Any CPU
		{7933D5C2-7376-4F7E-92BD-2D04C90B7E34}.DebugDLL|x64.Build.0 = Debug|Any CPU
		{7933D5C2-7376-4F7E-92BD-2D04C90B7E34}.DebugDLL|x86.ActiveCfg = Debug|Any CPU
		{7933D5C2-7376-4F7E-92BD-2D04C90B7E34}.DebugDLL|x86.Build.0 = Debug|Any CPU
		{7933D5C2-7376-4F7E-92BD-2D04C90B7E34}.Release|Any CPU.ActiveCfg = Release|Any CPU
		{7933D5C2-7376-4F7E-92BD-2D04C90B7E34}.Release|Any CPU.Build.0 = Release|Any CPU
		{7933D5C2-7376-4F7E-92BD-2D04C90B7E34}.Release|x64.ActiveCfg = Release|Any CPU
		{7933D5C2-7376-4F7E-92BD-2D04C90B7E34}.Release|x64.Build.0 = Release|Any CPU
		{7933D5C2-7376-4F7E-92BD-2D04C90B7E34}.Release|x86.ActiveCfg = Release|Any CPU
		{7933D5C2-7376-4F7E-92BD-2D04C90B7E34}.Release|x86.Build.0 = Release|Any CPU
		{7933D5C2-7376-4F7E-92BD-2D04C90B7E34}.ReleaseDLL|Any CPU.ActiveCfg = Release|Any CPU
		{7933D5C2-7376-4F7E-92BD-2D04C90B7E34}.ReleaseDLL|Any CPU.Build.0 = Release|Any CPU
		{7933D5C2-7376-4F7E-92BD-2D04C90B7E34}.ReleaseDLL|x64.ActiveCfg = Release|Any CPU
		{7933D5C2-7376-4F7E-92BD-2D04C90B7E34}.ReleaseDLL|x64.Build.0 = Release|Any CPU
		{7933D5C2-7376-4F7E-92BD-2D04C90B7E34}.ReleaseDLL|x86.ActiveCfg = Release|Any CPU
		{7933D5C2-7376-4F7E-92BD-2D04C90B7E34}.ReleaseDLL|x86.Build.0 = Release|Any CPU
		{5747C6BD-6A35-4642-A914-617C7D875527}.Debug|Any CPU.ActiveCfg = Debug|Any CPU
		{5747C6BD-6A35-4642-A914-617C7D875527}.Debug|Any CPU.Build.0 = Debug|Any CPU
		{5747C6BD-6A35-4642-A914-617C7D875527}.Debug|x64.ActiveCfg = Debug|Any CPU
		{5747C6BD-6A35-4642-A914-617C7D875527}.Debug|x64.Build.0 = Debug|Any CPU
		{5747C6BD-6A35-4642-A914-617C7D875527}.Debug|x86.ActiveCfg = Debug|Any CPU
		{5747C6BD-6A35-4642-A914-617C7D875527}.Debug|x86.Build.0 = Debug|Any CPU
		{5747C6BD-6A35-4642-A914-617C7D875527}.DebugDLL|Any CPU.ActiveCfg = Debug|Any CPU
		{5747C6BD-6A35-4642-A914-617C7D875527}.DebugDLL|Any CPU.Build.0 = Debug|Any CPU
		{5747C6BD-6A35-4642-A914-617C7D875527}.DebugDLL|x64.ActiveCfg = Debug|x64
		{5747C6BD-6A35-4642-A914-617C7D875527}.DebugDLL|x64.Build.0 = Debug|x64
		{5747C6BD-6A35-4642-A914-617C7D875527}.DebugDLL|x86.ActiveCfg = Debug|Any CPU
		{5747C6BD-6A35-4642-A914-617C7D875527}.DebugDLL|x86.Build.0 = Debug|Any CPU
		{5747C6BD-6A35-4642-A914-617C7D875527}.Release|Any CPU.ActiveCfg = Release|Any CPU
		{5747C6BD-6A35-4642-A914-617C7D875527}.Release|Any CPU.Build.0 = Release|Any CPU
		{5747C6BD-6A35-4642-A914-617C7D875527}.Release|x64.ActiveCfg = Release|Any CPU
		{5747C6BD-6A35-4642-A914-617C7D875527}.Release|x64.Build.0 = Release|Any CPU
		{5747C6BD-6A35-4642-A914-617C7D875527}.Release|x86.ActiveCfg = Release|Any CPU
		{5747C6BD-6A35-4642-A914-617C7D875527}.Release|x86.Build.0 = Release|Any CPU
		{5747C6BD-6A35-4642-A914-617C7D875527}.ReleaseDLL|Any CPU.ActiveCfg = Release|Any CPU
		{5747C6BD-6A35-4642-A914-617C7D875527}.ReleaseDLL|Any CPU.Build.0 = Release|Any CPU
		{5747C6BD-6A35-4642-A914-617C7D875527}.ReleaseDLL|x64.ActiveCfg = Release|x64
		{5747C6BD-6A35-4642-A914-617C7D875527}.ReleaseDLL|x64.Build.0 = Release|x64
		{5747C6BD-6A35-4642-A914-617C7D875527}.ReleaseDLL|x86.ActiveCfg = Release|Any CPU
		{5747C6BD-6A35-4642-A914-617C7D875527}.ReleaseDLL|x86.Build.0 = Release|Any CPU
		{03427464-E0E6-45CF-92F1-3B024F99E213}.Debug|Any CPU.ActiveCfg = Debug|Any CPU
		{03427464-E0E6-45CF-92F1-3B024F99E213}.Debug|Any CPU.Build.0 = Debug|Any CPU
		{03427464-E0E6-45CF-92F1-3B024F99E213}.Debug|x64.ActiveCfg = Debug|Any CPU
		{03427464-E0E6-45CF-92F1-3B024F99E213}.Debug|x64.Build.0 = Debug|Any CPU
		{03427464-E0E6-45CF-92F1-3B024F99E213}.Debug|x86.ActiveCfg = Debug|Any CPU
		{03427464-E0E6-45CF-92F1-3B024F99E213}.Debug|x86.Build.0 = Debug|Any CPU
		{03427464-E0E6-45CF-92F1-3B024F99E213}.DebugDLL|Any CPU.ActiveCfg = Debug|Any CPU
		{03427464-E0E6-45CF-92F1-3B024F99E213}.DebugDLL|Any CPU.Build.0 = Debug|Any CPU
		{03427464-E0E6-45CF-92F1-3B024F99E213}.DebugDLL|x64.ActiveCfg = Debug|Any CPU
		{03427464-E0E6-45CF-92F1-3B024F99E213}.DebugDLL|x64.Build.0 = Debug|Any CPU
		{03427464-E0E6-45CF-92F1-3B024F99E213}.DebugDLL|x86.ActiveCfg = Debug|Any CPU
		{03427464-E0E6-45CF-92F1-3B024F99E213}.DebugDLL|x86.Build.0 = Debug|Any CPU
		{03427464-E0E6-45CF-92F1-3B024F99E213}.Release|Any CPU.ActiveCfg = Release|Any CPU
		{03427464-E0E6-45CF-92F1-3B024F99E213}.Release|Any CPU.Build.0 = Release|Any CPU
		{03427464-E0E6-45CF-92F1-3B024F99E213}.Release|x64.ActiveCfg = Release|Any CPU
		{03427464-E0E6-45CF-92F1-3B024F99E213}.Release|x64.Build.0 = Release|Any CPU
		{03427464-E0E6-45CF-92F1-3B024F99E213}.Release|x86.ActiveCfg = Release|Any CPU
		{03427464-E0E6-45CF-92F1-3B024F99E213}.Release|x86.Build.0 = Release|Any CPU
		{03427464-E0E6-45CF-92F1-3B024F99E213}.ReleaseDLL|Any CPU.ActiveCfg = Release|Any CPU
		{03427464-E0E6-45CF-92F1-3B024F99E213}.ReleaseDLL|Any CPU.Build.0 = Release|Any CPU
		{03427464-E0E6-45CF-92F1-3B024F99E213}.ReleaseDLL|x64.ActiveCfg = Release|Any CPU
		{03427464-E0E6-45CF-92F1-3B024F99E213}.ReleaseDLL|x64.Build.0 = Release|Any CPU
		{03427464-E0E6-45CF-92F1-3B024F99E213}.ReleaseDLL|x86.ActiveCfg = Release|Any CPU
		{03427464-E0E6-45CF-92F1-3B024F99E213}.ReleaseDLL|x86.Build.0 = Release|Any CPU
		{D82255B7-5840-4EA6-82E8-2898B5C343D2}.Debug|Any CPU.ActiveCfg = Debug|Any CPU
		{D82255B7-5840-4EA6-82E8-2898B5C343D2}.Debug|Any CPU.Build.0 = Debug|Any CPU
		{D82255B7-5840-4EA6-82E8-2898B5C343D2}.Debug|x64.ActiveCfg = Debug|x64
		{D82255B7-5840-4EA6-82E8-2898B5C343D2}.Debug|x64.Build.0 = Debug|x64
		{D82255B7-5840-4EA6-82E8-2898B5C343D2}.Debug|x86.ActiveCfg = Debug|Any CPU
		{D82255B7-5840-4EA6-82E8-2898B5C343D2}.Debug|x86.Build.0 = Debug|Any CPU
		{D82255B7-5840-4EA6-82E8-2898B5C343D2}.DebugDLL|Any CPU.ActiveCfg = Debug|Any CPU
		{D82255B7-5840-4EA6-82E8-2898B5C343D2}.DebugDLL|Any CPU.Build.0 = Debug|Any CPU
		{D82255B7-5840-4EA6-82E8-2898B5C343D2}.DebugDLL|x64.ActiveCfg = Debug|x64
		{D82255B7-5840-4EA6-82E8-2898B5C343D2}.DebugDLL|x64.Build.0 = Debug|x64
		{D82255B7-5840-4EA6-82E8-2898B5C343D2}.DebugDLL|x86.ActiveCfg = Debug|Any CPU
		{D82255B7-5840-4EA6-82E8-2898B5C343D2}.DebugDLL|x86.Build.0 = Debug|Any CPU
		{D82255B7-5840-4EA6-82E8-2898B5C343D2}.Release|Any CPU.ActiveCfg = Release|Any CPU
		{D82255B7-5840-4EA6-82E8-2898B5C343D2}.Release|Any CPU.Build.0 = Release|Any CPU
		{D82255B7-5840-4EA6-82E8-2898B5C343D2}.Release|x64.ActiveCfg = Release|x64
		{D82255B7-5840-4EA6-82E8-2898B5C343D2}.Release|x64.Build.0 = Release|x64
		{D82255B7-5840-4EA6-82E8-2898B5C343D2}.Release|x86.ActiveCfg = Release|Any CPU
		{D82255B7-5840-4EA6-82E8-2898B5C343D2}.Release|x86.Build.0 = Release|Any CPU
		{D82255B7-5840-4EA6-82E8-2898B5C343D2}.ReleaseDLL|Any CPU.ActiveCfg = Release|Any CPU
		{D82255B7-5840-4EA6-82E8-2898B5C343D2}.ReleaseDLL|Any CPU.Build.0 = Release|Any CPU
		{D82255B7-5840-4EA6-82E8-2898B5C343D2}.ReleaseDLL|x64.ActiveCfg = Release|x64
		{D82255B7-5840-4EA6-82E8-2898B5C343D2}.ReleaseDLL|x64.Build.0 = Release|x64
		{D82255B7-5840-4EA6-82E8-2898B5C343D2}.ReleaseDLL|x86.ActiveCfg = Release|Any CPU
		{D82255B7-5840-4EA6-82E8-2898B5C343D2}.ReleaseDLL|x86.Build.0 = Release|Any CPU
		{66A481DE-9364-4354-A870-34F63A63BA02}.Debug|Any CPU.ActiveCfg = Debug|x64
		{66A481DE-9364-4354-A870-34F63A63BA02}.Debug|Any CPU.Build.0 = Debug|x64
		{66A481DE-9364-4354-A870-34F63A63BA02}.Debug|x64.ActiveCfg = Debug|x64
		{66A481DE-9364-4354-A870-34F63A63BA02}.Debug|x64.Build.0 = Debug|x64
		{66A481DE-9364-4354-A870-34F63A63BA02}.Debug|x86.ActiveCfg = Debug|Win32
		{66A481DE-9364-4354-A870-34F63A63BA02}.Debug|x86.Build.0 = Debug|Win32
		{66A481DE-9364-4354-A870-34F63A63BA02}.DebugDLL|Any CPU.ActiveCfg = Debug|Win32
		{66A481DE-9364-4354-A870-34F63A63BA02}.DebugDLL|Any CPU.Build.0 = Debug|Win32
		{66A481DE-9364-4354-A870-34F63A63BA02}.DebugDLL|x64.ActiveCfg = Debug|x64
		{66A481DE-9364-4354-A870-34F63A63BA02}.DebugDLL|x64.Build.0 = Debug|x64
		{66A481DE-9364-4354-A870-34F63A63BA02}.DebugDLL|x86.ActiveCfg = Debug|Win32
		{66A481DE-9364-4354-A870-34F63A63BA02}.DebugDLL|x86.Build.0 = Debug|Win32
		{66A481DE-9364-4354-A870-34F63A63BA02}.Release|Any CPU.ActiveCfg = Release|Win32
		{66A481DE-9364-4354-A870-34F63A63BA02}.Release|x64.ActiveCfg = Release|x64
		{66A481DE-9364-4354-A870-34F63A63BA02}.Release|x64.Build.0 = Release|x64
		{66A481DE-9364-4354-A870-34F63A63BA02}.Release|x86.ActiveCfg = Release|Win32
		{66A481DE-9364-4354-A870-34F63A63BA02}.Release|x86.Build.0 = Release|Win32
		{66A481DE-9364-4354-A870-34F63A63BA02}.ReleaseDLL|Any CPU.ActiveCfg = Debug|Win32
		{66A481DE-9364-4354-A870-34F63A63BA02}.ReleaseDLL|Any CPU.Build.0 = Debug|Win32
		{66A481DE-9364-4354-A870-34F63A63BA02}.ReleaseDLL|x64.ActiveCfg = Release|x64
		{66A481DE-9364-4354-A870-34F63A63BA02}.ReleaseDLL|x64.Build.0 = Release|x64
		{66A481DE-9364-4354-A870-34F63A63BA02}.ReleaseDLL|x86.ActiveCfg = Release|Win32
		{66A481DE-9364-4354-A870-34F63A63BA02}.ReleaseDLL|x86.Build.0 = Release|Win32
	EndGlobalSection
	GlobalSection(SolutionProperties) = preSolution
		HideSolutionNode = FALSE
	EndGlobalSection
	GlobalSection(ExtensibilityGlobals) = postSolution
		SolutionGuid = {B83AC828-17D6-46F0-8893-771158DD3430}
	EndGlobalSection
EndGlobal
